
Microsoft Visual Studio Solution File, Format Version 12.00
# Visual Studio 2013
VisualStudioVersion = 12.0.30723.0
MinimumVisualStudioVersion = 10.0.40219.1
Project("{FAE04EC0-301F-11D3-BF4B-00C04F79EFBC}") = "Caspian", "Caspian\Caspian.csproj", "{21E842E9-02C5-4A0B-9E75-4CD1F55F4854}"
EndProject
Project("{FAE04EC0-301F-11D3-BF4B-00C04F79EFBC}") = "Caspian.Tests", "Caspian.Tests\Caspian.Tests.csproj", "{E5766F1C-9DCF-44B4-842C-21CE13E0081E}"
EndProject
Project("{FAE04EC0-301F-11D3-BF4B-00C04F79EFBC}") = "DX.TED.DocumentDb.Identity", "DX.TED.DocumentDb.Identity\DX.TED.DocumentDb.Identity.csproj", "{B1FA1535-54BC-4465-87A0-DFD0AD3FB406}"
EndProject
Project("{FAE04EC0-301F-11D3-BF4B-00C04F79EFBC}") = "DX.TED.DocumentDb.Identity.Tests", "DX.TED.DocumentDb.Identity.Tests\DX.TED.DocumentDb.Identity.Tests.csproj", "{9F4C3802-431E-4CD5-A8AE-85A10EF8335C}"
EndProject
Project("{2150E333-8FDC-42A3-9474-1A3956D46DE8}") = ".nuget", ".nuget", "{D6529D06-75E4-4BC2-878A-7C36E578D558}"
	ProjectSection(SolutionItems) = preProject
		.nuget\NuGet.Config = .nuget\NuGet.Config
		.nuget\NuGet.exe = .nuget\NuGet.exe
		.nuget\NuGet.targets = .nuget\NuGet.targets
	EndProjectSection
EndProject
Project("{2150E333-8FDC-42A3-9474-1A3956D46DE8}") = "Tests", "Tests", "{1F4E74C7-511E-44E1-BE1A-9445193F492F}"
	ProjectSection(SolutionItems) = preProject
		Integration.playlist = Integration.playlist
		NoIntegration.playlist = NoIntegration.playlist
		UserStore.playlist = UserStore.playlist
	EndProjectSection
EndProject
Project("{FAE04EC0-301F-11D3-BF4B-00C04F79EFBC}") = "DX.TED.IdentityTestWeb", "DX.TED.IdentityTestWeb\DX.TED.IdentityTestWeb.csproj", "{D0C9F774-586D-4162-B189-9DC92B9FC5FD}"
EndProject
Global
	GlobalSection(SolutionConfigurationPlatforms) = preSolution
		Debug|Any CPU = Debug|Any CPU
		Release|Any CPU = Release|Any CPU
	EndGlobalSection
	GlobalSection(ProjectConfigurationPlatforms) = postSolution
		{21E842E9-02C5-4A0B-9E75-4CD1F55F4854}.Debug|Any CPU.ActiveCfg = Debug|Any CPU
		{21E842E9-02C5-4A0B-9E75-4CD1F55F4854}.Debug|Any CPU.Build.0 = Debug|Any CPU
		{21E842E9-02C5-4A0B-9E75-4CD1F55F4854}.Release|Any CPU.ActiveCfg = Release|Any CPU
		{21E842E9-02C5-4A0B-9E75-4CD1F55F4854}.Release|Any CPU.Build.0 = Release|Any CPU
		{E5766F1C-9DCF-44B4-842C-21CE13E0081E}.Debug|Any CPU.ActiveCfg = Debug|Any CPU
		{E5766F1C-9DCF-44B4-842C-21CE13E0081E}.Debug|Any CPU.Build.0 = Debug|Any CPU
		{E5766F1C-9DCF-44B4-842C-21CE13E0081E}.Release|Any CPU.ActiveCfg = Release|Any CPU
		{E5766F1C-9DCF-44B4-842C-21CE13E0081E}.Release|Any CPU.Build.0 = Release|Any CPU
		{B1FA1535-54BC-4465-87A0-DFD0AD3FB406}.Debug|Any CPU.ActiveCfg = Debug|Any CPU
		{B1FA1535-54BC-4465-87A0-DFD0AD3FB406}.Debug|Any CPU.Build.0 = Debug|Any CPU
		{B1FA1535-54BC-4465-87A0-DFD0AD3FB406}.Release|Any CPU.ActiveCfg = Release|Any CPU
		{B1FA1535-54BC-4465-87A0-DFD0AD3FB406}.Release|Any CPU.Build.0 = Release|Any CPU
		{9F4C3802-431E-4CD5-A8AE-85A10EF8335C}.Debug|Any CPU.ActiveCfg = Debug|Any CPU
		{9F4C3802-431E-4CD5-A8AE-85A10EF8335C}.Debug|Any CPU.Build.0 = Debug|Any CPU
		{9F4C3802-431E-4CD5-A8AE-85A10EF8335C}.Release|Any CPU.ActiveCfg = Release|Any CPU
		{9F4C3802-431E-4CD5-A8AE-85A10EF8335C}.Release|Any CPU.Build.0 = Release|Any CPU
		{D0C9F774-586D-4162-B189-9DC92B9FC5FD}.Debug|Any CPU.ActiveCfg = Debug|Any CPU
		{D0C9F774-586D-4162-B189-9DC92B9FC5FD}.Debug|Any CPU.Build.0 = Debug|Any CPU
		{D0C9F774-586D-4162-B189-9DC92B9FC5FD}.Release|Any CPU.ActiveCfg = Release|Any CPU
		{D0C9F774-586D-4162-B189-9DC92B9FC5FD}.Release|Any CPU.Build.0 = Release|Any CPU
	EndGlobalSection
	GlobalSection(SolutionProperties) = preSolution
		HideSolutionNode = FALSE
	EndGlobalSection
EndGlobal
